<?xml version="1.0" encoding="utf-8"?>
<Project ToolsVersion="4.0" xmlns="http://schemas.microsoft.com/developer/msbuild/2003">
  <ItemGroup>
    <Filter Include="ソース ファイル">
      <UniqueIdentifier>{4FC737F1-C7A5-4376-A066-2A32D752A2FF}</UniqueIdentifier>
      <Extensions>cpp;c;cc;cxx;c++;def;odl;idl;hpj;bat;asm;asmx</Extensions>
    </Filter>
    <Filter Include="ソース ファイル\cpp">
      <UniqueIdentifier>{72b84973-ede7-424a-893d-5a8da6bc9f81}</UniqueIdentifier>
    </Filter>
    <Filter Include="ソース ファイル\h">
      <UniqueIdentifier>{199005c5-06f7-478b-be6e-69f44773a03e}</UniqueIdentifier>
    </Filter>
  </ItemGroup>
  <ItemGroup>
    <ClCompile Include="WinMain.cpp">
      <Filter>ソース ファイル</Filter>
    </ClCompile>
    <ClCompile Include="cpp\Player.cpp">
      <Filter>ソース ファイル\cpp</Filter>
    </ClCompile>
    <ClCompile Include="cpp\Camera.cpp">
      <Filter>ソース ファイル\cpp</Filter>
    </ClCompile>
    <ClCompile Include="cpp\Base.cpp">
      <Filter>ソース ファイル\cpp</Filter>
    </ClCompile>
    <ClCompile Include="cpp\Scene.cpp">
      <Filter>ソース ファイル\cpp</Filter>
    </ClCompile>
    <ClCompile Include="cpp\TitleScene.cpp">
      <Filter>ソース ファイル\cpp</Filter>
    </ClCompile>
    <ClCompile Include="cpp\GameScene.cpp">
      <Filter>ソース ファイル\cpp</Filter>
    </ClCompile>
    <ClCompile Include="cpp\ResultScene.cpp">
      <Filter>ソース ファイル\cpp</Filter>
    </ClCompile>
    <ClCompile Include="cpp\Sound.cpp">
      <Filter>ソース ファイル\cpp</Filter>
    </ClCompile>
  </ItemGroup>
  <ItemGroup>
    <ClInclude Include="h\Player.h">
      <Filter>ソース ファイル\h</Filter>
    </ClInclude>
    <ClInclude Include="h\Camera.h">
      <Filter>ソース ファイル\h</Filter>
    </ClInclude>
    <ClInclude Include="h\Base.h">
      <Filter>ソース ファイル\h</Filter>
    </ClInclude>
    <ClInclude Include="h\GameScene.h">
      <Filter>ソース ファイル\h</Filter>
    </ClInclude>
    <ClInclude Include="h\ResultScene.h">
      <Filter>ソース ファイル\h</Filter>
    </ClInclude>
    <ClInclude Include="h\Scene.h">
      <Filter>ソース ファイル\h</Filter>
    </ClInclude>
    <ClInclude Include="h\TitleScene.h">
      <Filter>ソース ファイル\h</Filter>
    </ClInclude>
    <ClInclude Include="h\Sound.h">
      <Filter>ソース ファイル\h</Filter>
    </ClInclude>
  </ItemGroup>
</Project>